github.com/alanorth/hugo-theme-bootstrap4-blog v1.6.0 h1:yk31yG7kvEy3kD2ezW3zULQiCHBhW68JNuCZRBDRKig=
github.com/alanorth/hugo-theme-bootstrap4-blog v1.6.0/go.mod h1:lzAend2uoL96Ps89SBWFXj6LboIXO16jCmP00NT05l0=
github.com/alex-shpak/hugo-book v0.0.0-20210411155142-62004506e2fa h1:IDUFrX5BliuR5/7mWBB/PJh3wF4ZQ9Alla9e+We4bY8=
github.com/alex-shpak/hugo-book v0.0.0-20210411155142-62004506e2fa/go.mod h1:DvU1VD1ikK0ufuSgldRCwm4kVaEF0cQGdHUp16XjSVI=
